lockfileVersion: 5.3

specifiers:
  '@types/node': ^16.7.13
  '@vitejs/plugin-vue': ^1.6.1
  '@vue/compiler-sfc': ^3.2.9
  cross-env: ^7.0.3
  element-plus: ^1.1.0-beta.9
  sass: ^1.39.0
  stylus: ^0.55.0
  utools-api-types: ^2.0.6
  vite: ^2.5.3
  vite-plugin-element-plus: ^0.0.12
  vite-plugin-style-import: ^1.2.1
  vue: ^3.1.5

dependencies:
  element-plus: registry.nlark.com/element-plus/1.1.0-beta.9_vue@3.2.6
  vue: 3.2.6

devDependencies:
  '@types/node': registry.nlark.com/@types/node/16.7.13
  '@vitejs/plugin-vue': registry.nlark.com/@vitejs/plugin-vue/1.6.1_@vue+compiler-sfc@3.2.9
  '@vue/compiler-sfc': registry.nlark.com/@vue/compiler-sfc/3.2.9
  cross-env: 7.0.3
  sass: registry.nlark.com/sass/1.39.0
  stylus: registry.nlark.com/stylus/0.55.0
  utools-api-types: 2.0.6
  vite: registry.nlark.com/vite/2.5.3
  vite-plugin-element-plus: 0.0.12_vite@2.5.3
  vite-plugin-style-import: 1.2.1_vite@2.5.3

packages:

  /@babel/helper-validator-identifier/7.14.9:
    resolution: {integrity: sha512-pQYxPY0UP6IHISRitNe8bsijHex4TWZXi2HwKVsjPiltzlhse2znVcm9Ace510VT1kxIHjGJCZZQBX2gJDbo0g==}
    engines: {node: '>=6.9.0'}
    dev: false

  /@babel/parser/7.15.3:
    resolution: {integrity: sha512-O0L6v/HvqbdJawj0iBEfVQMc3/6WP+AeOsovsIgBFyJaG+W2w7eqvZB7puddATmWuARlm1SX7DwxJ/JJUnDpEA==}
    engines: {node: '>=6.0.0'}
    hasBin: true
    dev: false

  /@babel/types/7.15.0:
    resolution: {integrity: sha512-OBvfqnllOIdX4ojTHpwZbpvz4j3EWyjkZEdmjH0/cgsd6QOdSgU8rLSk6ard/pcW7rlmjdVSX/AWOaORR1uNOQ==}
    engines: {node: '>=6.9.0'}
    dependencies:
      '@babel/helper-validator-identifier': 7.14.9
      to-fast-properties: 2.0.0
    dev: false

  /@rollup/pluginutils/4.1.1:
    resolution: {integrity: sha512-clDjivHqWGXi7u+0d2r2sBi4Ie6VLEAzWMIkvJLnDmxoOhBYOTfzGbOQBA32THHm11/LiJbd01tJUpJsbshSWQ==}
    engines: {node: '>= 8.0.0'}
    dependencies:
      estree-walker: 2.0.2
      picomatch: 2.3.0
    dev: true

  /@vue/compiler-core/3.2.6:
    resolution: {integrity: sha512-vbwnz7+OhtLO5p5i630fTuQCL+MlUpEMTKHuX+RfetQ+3pFCkItt2JUH+9yMaBG2Hkz6av+T9mwN/acvtIwpbw==}
    dependencies:
      '@babel/parser': 7.15.3
      '@babel/types': 7.15.0
      '@vue/shared': 3.2.6
      estree-walker: 2.0.2
      source-map: 0.6.1
    dev: false

  /@vue/compiler-dom/3.2.6:
    resolution: {integrity: sha512-+a/3oBAzFIXhHt8L5IHJOTP4a5egzvpXYyi13jR7CUYOR1S+Zzv7vBWKYBnKyJLwnrxTZnTQVjeHCgJq743XKg==}
    dependencies:
      '@vue/compiler-core': 3.2.6
      '@vue/shared': 3.2.6
    dev: false

  /@vue/reactivity/3.2.6:
    resolution: {integrity: sha512-8vIDD2wpCnYisNNZjmcIj+Rixn0uhZNY3G1vzlgdVdLygeRSuFjkmnZk6WwvGzUWpKfnG0e/NUySM3mVi59hAA==}
    dependencies:
      '@vue/shared': 3.2.6
    dev: false

  /@vue/runtime-core/3.2.6:
    resolution: {integrity: sha512-3mqtgpj/YSGFxtvTufSERRApo92B16JNNxz9p+5eG6PPuqTmuRJz214MqhKBEgLEAIQ6R6YCbd83ZDtjQnyw2g==}
    dependencies:
      '@vue/reactivity': 3.2.6
      '@vue/shared': 3.2.6
    dev: false

  /@vue/runtime-dom/3.2.6:
    resolution: {integrity: sha512-fq33urnP0BNCGm2O3KCzkJlKIHI80C94HJ4qDZbjsTtxyOn5IHqwKSqXVN3RQvO6epcQH+sWS+JNwcNDPzoasg==}
    dependencies:
      '@vue/runtime-core': 3.2.6
      '@vue/shared': 3.2.6
      csstype: 2.6.17
    dev: false

  /@vue/shared/3.2.6:
    resolution: {integrity: sha512-uwX0Qs2e6kdF+WmxwuxJxOnKs/wEkMArtYpHSm7W+VY/23Tl8syMRyjnzEeXrNCAP0/8HZxEGkHJsjPEDNRuHw==}
    dev: false

  /balanced-match/1.0.2:
    resolution: {integrity: sha1-6D46fj8wCzTLnYf2FfoMvzV2kO4=, tarball: balanced-match/download/balanced-match-1.0.2.tgz}
    dev: true

  /binary-extensions/2.2.0:
    resolution: {integrity: sha1-dfUC7q+f/eQvyYgpZFvk6na9ni0=, tarball: binary-extensions/download/binary-extensions-2.2.0.tgz}
    engines: {node: '>=8'}
    dev: true

  /brace-expansion/1.1.11:
    resolution: {integrity: sha1-PH/L9SnYcibz0vUrlm/1Jx60Qd0=, tarball: brace-expansion/download/brace-expansion-1.1.11.tgz}
    dependencies:
      balanced-match: 1.0.2
      concat-map: 0.0.1
    dev: true

  /braces/3.0.2:
    resolution: {integrity: sha1-NFThpGLujVmeI23zNs2epPiv4Qc=, tarball: braces/download/braces-3.0.2.tgz}
    engines: {node: '>=8'}
    dependencies:
      fill-range: 7.0.1
    dev: true

  /camel-case/4.1.2:
    resolution: {integrity: sha512-gxGWBrTT1JuMx6R+o5PTXMmUnhnVzLQ9SNutD4YqKtI6ap897t3tKECYla6gCWEkplXnlNybEkZg9GEGxKFCgw==}
    dependencies:
      pascal-case: 3.1.2
      tslib: 2.3.1
    dev: true

  /capital-case/1.0.4:
    resolution: {integrity: sha512-ds37W8CytHgwnhGGTi88pcPyR15qoNkOpYwmMMfnWqqWgESapLqvDx6huFjQ5vqWSn2Z06173XNA7LtMOeUh1A==}
    dependencies:
      no-case: 3.0.4
      tslib: 2.3.1
      upper-case-first: 2.0.2
    dev: true

  /change-case/4.1.2:
    resolution: {integrity: sha512-bSxY2ws9OtviILG1EiY5K7NNxkqg/JnRnFxLtKQ96JaviiIxi7djMrSd0ECT9AC+lttClmYwKw53BWpOMblo7A==}
    dependencies:
      camel-case: 4.1.2
      capital-case: 1.0.4
      constant-case: 3.0.4
      dot-case: 3.0.4
      header-case: 2.0.4
      no-case: 3.0.4
      param-case: 3.0.4
      pascal-case: 3.1.2
      path-case: 3.0.4
      sentence-case: 3.0.4
      snake-case: 3.0.4
      tslib: 2.3.1
    dev: true

  /concat-map/0.0.1:
    resolution: {integrity: sha1-2Klr13/Wjfd5OnMDajug1UBdR3s=, tarball: concat-map/download/concat-map-0.0.1.tgz}
    dev: true

  /consolidate/0.16.0:
    resolution: {integrity: sha1-oRhkdokw8vGUMWYKZZBmaPX73BY=, tarball: consolidate/download/consolidate-0.16.0.tgz}
    engines: {node: '>= 0.10.0'}
    dependencies:
      bluebird: registry.nlark.com/bluebird/3.7.2
    dev: true

  /constant-case/3.0.4:
    resolution: {integrity: sha512-I2hSBi7Vvs7BEuJDr5dDHfzb/Ruj3FyvFyh7KLilAjNQw3Be+xgqUBA2W6scVEcL0hL1dwPRtIqEPVUCKkSsyQ==}
    dependencies:
      no-case: 3.0.4
      tslib: 2.3.1
      upper-case: 2.0.2
    dev: true

  /cross-env/7.0.3:
    resolution: {integrity: sha512-+/HKd6EgcQCJGh2PSjZuUitQBQynKor4wrFbRg4DtAgS1aWO+gU52xpH7M9ScGgXSYmAVS9bIJ8EzuaGw0oNAw==}
    engines: {node: '>=10.14', npm: '>=6', yarn: '>=1'}
    hasBin: true
    dependencies:
      cross-spawn: 7.0.3
    dev: true

  /cross-spawn/7.0.3:
    resolution: {integrity: sha512-iRDPJKUPVEND7dHPO8rkbOnPpyDygcDFtWjpeWNCgy8WP2rXcxXL8TskReQl6OrB2G7+UJrags1q15Fudc7G6w==}
    engines: {node: '>= 8'}
    dependencies:
      path-key: 3.1.1
      shebang-command: 2.0.0
      which: 2.0.2
    dev: true

  /css/3.0.0:
    resolution: {integrity: sha1-REek1Y/dAzZ8UWyp9krjZc7kql0=, tarball: css/download/css-3.0.0.tgz}
    dependencies:
      inherits: 2.0.4
      source-map: 0.6.1
      source-map-resolve: registry.nlark.com/source-map-resolve/0.6.0
    dev: true

  /cssesc/3.0.0:
    resolution: {integrity: sha1-N3QZGZA7hoVl4cCep0dEXNGJg+4=, tarball: cssesc/download/cssesc-3.0.0.tgz}
    engines: {node: '>=4'}
    hasBin: true
    dev: true

  /csstype/2.6.17:
    resolution: {integrity: sha512-u1wmTI1jJGzCJzWndZo8mk4wnPTZd1eOIYTYvuEyOQGfmDl3TrabCCfKnOC86FZwW/9djqTl933UF/cS425i9A==}
    dev: false

  /debug/4.3.2:
    resolution: {integrity: sha512-mOp8wKcvj7XxC78zLgw/ZA+6TSgkoE2C/ienthhRD298T7UNwAg9diBpLRxC0mOezLl4B0xV7M0cCO6P/O0Xhw==}
    engines: {node: '>=6.0'}
    peerDependencies:
      supports-color: '*'
    peerDependenciesMeta:
      supports-color:
        optional: true
    dependencies:
      ms: 2.1.2
    dev: true

  /decode-uri-component/0.2.0:
    resolution: {integrity: sha1-6zkTMzRYd1y4TNGh+uBiEGu4dUU=, tarball: decode-uri-component/download/decode-uri-component-0.2.0.tgz}
    engines: {node: '>=0.10'}
    dev: true

  /dot-case/3.0.4:
    resolution: {integrity: sha512-Kv5nKlh6yRrdrGvxeJ2e5y2eRUpkUosIW4A2AS38zwSz27zu7ufDwQPi5Jhs3XAlGNetl3bmnGhQsMtkKJnj3w==}
    dependencies:
      no-case: 3.0.4
      tslib: 2.3.1
    dev: true

  /emojis-list/3.0.0:
    resolution: {integrity: sha1-VXBmIEatKeLpFucariYKvf9Pang=, tarball: emojis-list/download/emojis-list-3.0.0.tgz}
    engines: {node: '>= 4'}
    dev: true

  /es-module-lexer/0.6.0:
    resolution: {integrity: sha512-f8kcHX1ArhllUtb/wVSyvygoKCznIjnxhLxy7TCvIiMdT7fL4ZDTIKaadMe6eLvOXg6Wk02UeoFgUoZ2EKZZUA==}
    dev: true

  /es-module-lexer/0.7.1:
    resolution: {integrity: sha512-MgtWFl5No+4S3TmhDmCz2ObFGm6lEpTnzbQi+Dd+pw4mlTIZTmM2iAs5gRlmx5zS9luzobCSBSI90JM/1/JgOw==}
    dev: true

  /estree-walker/2.0.2:
    resolution: {integrity: sha512-Rfkk/Mp/DL7JVje3u18FxFujQlTNR2q6QfMSMB7AvCBx91NGj/ba3kCfza0f6dVDbw7YlRf/nDrn7pQrCCyQ/w==}

  /fill-range/7.0.1:
    resolution: {integrity: sha1-GRmmp8df44ssfHflGYU12prN2kA=, tarball: fill-range/download/fill-range-7.0.1.tgz}
    engines: {node: '>=8'}
    dependencies:
      to-regex-range: 5.0.1
    dev: true

  /fs.realpath/1.0.0:
    resolution: {integrity: sha1-FQStJSMVjKpA20onh8sBQRmU6k8=, tarball: fs.realpath/download/fs.realpath-1.0.0.tgz}
    dev: true

  /function-bind/1.1.1:
    resolution: {integrity: sha1-pWiZ0+o8m6uHS7l3O3xe3pL0iV0=, tarball: function-bind/download/function-bind-1.1.1.tgz}
    dev: true

  /generic-names/2.0.1:
    resolution: {integrity: sha1-+KN46tLMqno08DF7BVVIMq5BuHI=, tarball: generic-names/download/generic-names-2.0.1.tgz}
    dependencies:
      loader-utils: registry.nlark.com/loader-utils/1.4.0
    dev: true

  /hash-sum/2.0.0:
    resolution: {integrity: sha1-gdAbtd6OpKIUrV1urRtSNGCwtFo=, tarball: hash-sum/download/hash-sum-2.0.0.tgz}
    dev: true

  /header-case/2.0.4:
    resolution: {integrity: sha512-H/vuk5TEEVZwrR0lp2zed9OCo1uAILMlx0JEMgC26rzyJJ3N1v6XkwHHXJQdR2doSjcGPM6OKPYoJgf0plJ11Q==}
    dependencies:
      capital-case: 1.0.4
      tslib: 2.3.1
    dev: true

  /icss-replace-symbols/1.1.0:
    resolution: {integrity: sha1-Bupvg2ead0njhs/h/oEq5dsiPe0=, tarball: icss-replace-symbols/download/icss-replace-symbols-1.1.0.tgz}
    dev: true

  /icss-utils/5.1.0_postcss@8.3.6:
    resolution: {integrity: sha1-xr5oWKvQE9do6YNmrkfiXViHsa4=, tarball: icss-utils/download/icss-utils-5.1.0.tgz}
    engines: {node: ^10 || ^12 || >= 14}
    peerDependencies:
      postcss: ^8.1.0
    dependencies:
      postcss: registry.nlark.com/postcss/8.3.6
    dev: true

  /inflight/1.0.6:
    resolution: {integrity: sha1-Sb1jMdfQLQwJvJEKEHW6gWW1bfk=, tarball: inflight/download/inflight-1.0.6.tgz}
    dependencies:
      once: 1.4.0
      wrappy: registry.nlark.com/wrappy/1.0.2
    dev: true

  /inherits/2.0.4:
    resolution: {integrity: sha1-D6LGT5MpF8NDOg3tVTY6rjdBa3w=, tarball: inherits/download/inherits-2.0.4.tgz}
    dev: true

  /is-binary-path/2.1.0:
    resolution: {integrity: sha1-6h9/O4DwZCNug0cPhsCcJU+0Wwk=, tarball: is-binary-path/download/is-binary-path-2.1.0.tgz}
    engines: {node: '>=8'}
    dependencies:
      binary-extensions: 2.2.0
    dev: true

  /is-extglob/2.1.1:
    resolution: {integrity: sha1-qIwCU1eR8C7TfHahueqXc8gz+MI=, tarball: is-extglob/download/is-extglob-2.1.1.tgz}
    engines: {node: '>=0.10.0'}
    dev: true

  /is-glob/4.0.1:
    resolution: {integrity: sha1-dWfb6fL14kZ7x3q4PEopSCQHpdw=, tarball: is-glob/download/is-glob-4.0.1.tgz}
    engines: {node: '>=0.10.0'}
    dependencies:
      is-extglob: 2.1.1
    dev: true

  /is-number/7.0.0:
    resolution: {integrity: sha1-dTU0W4lnNNX4DE0GxQlVUnoU8Ss=, tarball: is-number/download/is-number-7.0.0.tgz}
    engines: {node: '>=0.12.0'}
    dev: true

  /isexe/2.0.0:
    resolution: {integrity: sha1-6PvzdNxVb/iUehDcsFctYz8s+hA=}
    dev: true

  /json5/1.0.1:
    resolution: {integrity: sha1-d5+wAYYE+oVOrL9iUhgNg1Q+Pb4=, tarball: json5/download/json5-1.0.1.tgz}
    hasBin: true
    dependencies:
      minimist: 1.2.5
    dev: true

  /lodash.camelcase/4.3.0:
    resolution: {integrity: sha1-soqmKIorn8ZRA1x3EfZathkDMaY=, tarball: lodash.camelcase/download/lodash.camelcase-4.3.0.tgz}
    dev: true

  /lodash/4.17.21:
    resolution: {integrity: sha1-Z5WRxWTDv/quhFTPCz3zcMPWkRw=, tarball: lodash/download/lodash-4.17.21.tgz}
    dev: false

  /lower-case/2.0.2:
    resolution: {integrity: sha512-7fm3l3NAF9WfN6W3JOmf5drwpVqX78JtoGJ3A6W0a6ZnldM41w2fV5D490psKFTpMds8TJse/eHLFFsNHHjHgg==}
    dependencies:
      tslib: 2.3.1
    dev: true

  /lru-cache/5.1.1:
    resolution: {integrity: sha1-HaJ+ZxAnGUdpXa9oSOhH8B2EuSA=, tarball: lru-cache/download/lru-cache-5.1.1.tgz}
    dependencies:
      yallist: 3.1.1
    dev: true

  /magic-string/0.25.7:
    resolution: {integrity: sha512-4CrMT5DOHTDk4HYDlzmwu4FVCcIYI8gauveasrdCu2IKIFOJ3f0v/8MDGJCDL9oD2ppz/Av1b0Nj345H9M+XIA==}
    dependencies:
      sourcemap-codec: 1.4.8
    dev: true

  /merge-source-map/1.1.0:
    resolution: {integrity: sha1-L93n5gIJOfcJBqaPLXrmheTIxkY=, tarball: merge-source-map/download/merge-source-map-1.1.0.tgz}
    dependencies:
      source-map: 0.6.1
    dev: true

  /minimatch/3.0.4:
    resolution: {integrity: sha1-UWbihkV/AzBgZL5Ul+jbsMPTIIM=, tarball: minimatch/download/minimatch-3.0.4.tgz}
    dependencies:
      brace-expansion: 1.1.11
    dev: true

  /minimist/1.2.5:
    resolution: {integrity: sha1-Z9ZgFLZqaoqqDAg8X9WN9OTpdgI=, tarball: minimist/download/minimist-1.2.5.tgz}
    dev: true

  /mkdirp/1.0.4:
    resolution: {integrity: sha1-PrXtYmInVteaXw4qIh3+utdcL34=, tarball: mkdirp/download/mkdirp-1.0.4.tgz}
    engines: {node: '>=10'}
    hasBin: true
    dev: true

  /ms/2.1.2:
    resolution: {integrity: sha512-sGkPx+VjMtmA6MX27oA4FBFELFCZZ4S4XqeGOXCv68tT+jb3vk/RyaKWP0PTKyWtmLSM0b+adUTEvbs1PEaH2w==}
    dev: true

  /no-case/3.0.4:
    resolution: {integrity: sha512-fgAN3jGAh+RoxUGZHTSOLJIqUc2wmoBwGR4tbpNAKmmovFoWq0OdRkb0VkldReO2a2iBT/OEulG9XSUc10r3zg==}
    dependencies:
      lower-case: 2.0.2
      tslib: 2.3.1
    dev: true

  /normalize-wheel/1.0.1:
    resolution: {integrity: sha1-rsiGr/2wRQcNhWRH32Ls+GFG7EU=, tarball: normalize-wheel/download/normalize-wheel-1.0.1.tgz}
    dev: false

  /once/1.4.0:
    resolution: {integrity: sha1-WDsap3WWHUsROsF9nFC6753Xa9E=, tarball: once/download/once-1.4.0.tgz}
    dependencies:
      wrappy: registry.nlark.com/wrappy/1.0.2
    dev: true

  /param-case/3.0.4:
    resolution: {integrity: sha512-RXlj7zCYokReqWpOPH9oYivUzLYZ5vAPIfEmCTNViosC78F8F0H9y7T7gG2M39ymgutxF5gcFEsyZQSph9Bp3A==}
    dependencies:
      dot-case: 3.0.4
      tslib: 2.3.1
    dev: true

  /pascal-case/3.1.2:
    resolution: {integrity: sha512-uWlGT3YSnK9x3BQJaOdcZwrnV6hPpd8jFH1/ucpiLRPh/2zCVJKS19E4GvYHvaCcACn3foXZ0cLB9Wrx1KGe5g==}
    dependencies:
      no-case: 3.0.4
      tslib: 2.3.1
    dev: true

  /path-case/3.0.4:
    resolution: {integrity: sha512-qO4qCFjXqVTrcbPt/hQfhTQ+VhFsqNKOPtytgNKkKxSoEp3XPUQ8ObFuePylOIok5gjn69ry8XiULxCwot3Wfg==}
    dependencies:
      dot-case: 3.0.4
      tslib: 2.3.1
    dev: true

  /path-is-absolute/1.0.1:
    resolution: {integrity: sha1-F0uSaHNVNP+8es5r9TpanhtcX18=, tarball: path-is-absolute/download/path-is-absolute-1.0.1.tgz}
    engines: {node: '>=0.10.0'}
    dev: true

  /path-key/3.1.1:
    resolution: {integrity: sha512-ojmeN0qd+y0jszEtoY48r0Peq5dwMEkIlCOu6Q5f41lfkswXuKtYrhgoTpLnyIcHm24Uhqx+5Tqm2InSwLhE6Q==}
    engines: {node: '>=8'}
    dev: true

  /picomatch/2.3.0:
    resolution: {integrity: sha512-lY1Q/PiJGC2zOv/z391WOTD+Z02bCgsFfvxoXXf6h7kv9o+WmsmzYqrAwY63sNgOxE4xEdq0WyUnXfKeBrSvYw==}
    engines: {node: '>=8.6'}
    dev: true

  /postcss-modules-extract-imports/3.0.0_postcss@8.3.6:
    resolution: {integrity: sha1-zaHwR8CugMl9vijD52pDuIAldB0=, tarball: postcss-modules-extract-imports/download/postcss-modules-extract-imports-3.0.0.tgz}
    engines: {node: ^10 || ^12 || >= 14}
    peerDependencies:
      postcss: ^8.1.0
    dependencies:
      postcss: registry.nlark.com/postcss/8.3.6
    dev: true

  /postcss-modules-local-by-default/4.0.0_postcss@8.3.6:
    resolution: {integrity: sha1-67tU+uFZjuz99pGgKz/zs5ClpRw=, tarball: postcss-modules-local-by-default/download/postcss-modules-local-by-default-4.0.0.tgz}
    engines: {node: ^10 || ^12 || >= 14}
    peerDependencies:
      postcss: ^8.1.0
    dependencies:
      icss-utils: 5.1.0_postcss@8.3.6
      postcss: registry.nlark.com/postcss/8.3.6
      postcss-selector-parser: registry.nlark.com/postcss-selector-parser/6.0.6
      postcss-value-parser: 4.1.0
    dev: true

  /postcss-modules-scope/3.0.0_postcss@8.3.6:
    resolution: {integrity: sha1-nvMVFFbTu/oSDKRImN/Kby+gHwY=, tarball: postcss-modules-scope/download/postcss-modules-scope-3.0.0.tgz}
    engines: {node: ^10 || ^12 || >= 14}
    peerDependencies:
      postcss: ^8.1.0
    dependencies:
      postcss: registry.nlark.com/postcss/8.3.6
      postcss-selector-parser: registry.nlark.com/postcss-selector-parser/6.0.6
    dev: true

  /postcss-modules-values/4.0.0_postcss@8.3.6:
    resolution: {integrity: sha1-18Xn5ow7s8myfL9Iyguz/7RgLJw=, tarball: postcss-modules-values/download/postcss-modules-values-4.0.0.tgz}
    engines: {node: ^10 || ^12 || >= 14}
    peerDependencies:
      postcss: ^8.1.0
    dependencies:
      icss-utils: 5.1.0_postcss@8.3.6
      postcss: registry.nlark.com/postcss/8.3.6
    dev: true

  /postcss-value-parser/4.1.0:
    resolution: {integrity: sha1-RD9qIM7WSBor2k+oUypuVdeJoss=, tarball: postcss-value-parser/download/postcss-value-parser-4.1.0.tgz}
    dev: true

  /readdirp/3.6.0:
    resolution: {integrity: sha1-dKNwvYVxFuJFspzJc0DNQxoCpsc=, tarball: readdirp/download/readdirp-3.6.0.tgz}
    engines: {node: '>=8.10.0'}
    dependencies:
      picomatch: registry.nlark.com/picomatch/2.3.0
    dev: true

  /resolve/1.20.0:
    resolution: {integrity: sha1-YpoBP7P3B1XW8LeTXMHCxTeLGXU=, tarball: resolve/download/resolve-1.20.0.tgz}
    dependencies:
      is-core-module: registry.nlark.com/is-core-module/2.6.0
      path-parse: registry.nlark.com/path-parse/1.0.7
    dev: true

  /sax/1.2.4:
    resolution: {integrity: sha1-KBYjTiN4vdxOU1T6tcqold9xANk=, tarball: sax/download/sax-1.2.4.tgz}
    dev: true

  /semver/6.3.0:
    resolution: {integrity: sha1-7gpkyK9ejO6mdoexM3YeG+y9HT0=, tarball: semver/download/semver-6.3.0.tgz}
    hasBin: true
    dev: true

  /sentence-case/3.0.4:
    resolution: {integrity: sha512-8LS0JInaQMCRoQ7YUytAo/xUu5W2XnQxV2HI/6uM6U7CITS1RqPElr30V6uIqyMKM9lJGRVFy5/4CuzcixNYSg==}
    dependencies:
      no-case: 3.0.4
      tslib: 2.3.1
      upper-case-first: 2.0.2
    dev: true

  /shebang-command/2.0.0:
    resolution: {integrity: sha512-kHxr2zZpYtdmrN1qDjrrX/Z1rR1kG8Dx+gkpK1G4eXmvXswmcE1hTWBWYUzlraYw1/yZp6YuDY77YtvbN0dmDA==}
    engines: {node: '>=8'}
    dependencies:
      shebang-regex: 3.0.0
    dev: true

  /shebang-regex/3.0.0:
    resolution: {integrity: sha512-7++dFhtcx3353uBaq8DDR4NuxBetBzC7ZQOhmTQInHEd6bSrXdiEyzCvG07Z44UYdLShWUyXt5M/yhz8ekcb1A==}
    engines: {node: '>=8'}
    dev: true

  /snake-case/3.0.4:
    resolution: {integrity: sha512-LAOh4z89bGQvl9pFfNF8V146i7o7/CqFPbqzYgP+yYzDIDeS9HaNFtXABamRW+AQzEVODcvE79ljJ+8a9YSdMg==}
    dependencies:
      dot-case: 3.0.4
      tslib: 2.3.1
    dev: true

  /source-map/0.6.1:
    resolution: {integrity: sha512-UjgapumWlbMhkBgzT7Ykc5YXUT46F0iKu8SGXq0bcwP5dz/h0Plj6enJqjz1Zbq2l5WaqYnrVbwWOWMyF3F47g==}
    engines: {node: '>=0.10.0'}

  /source-map/0.7.3:
    resolution: {integrity: sha1-UwL4FpAxc1ImVECS5kmB91F1A4M=, tarball: source-map/download/source-map-0.7.3.tgz}
    engines: {node: '>= 8'}
    dev: true

  /sourcemap-codec/1.4.8:
    resolution: {integrity: sha512-9NykojV5Uih4lgo5So5dtw+f0JgJX30KCNI8gwhz2J9A15wD0Ml6tjHKwf6fTSa6fAdVBdZeNOs9eJ71qCk8vA==}
    dev: true

  /string-hash/1.1.3:
    resolution: {integrity: sha1-6Kr8CsGFW0Zmkp7X3RJ1311sgRs=, tarball: string-hash/download/string-hash-1.1.3.tgz}
    dev: true

  /to-fast-properties/2.0.0:
    resolution: {integrity: sha1-3F5pjL0HkmW8c+A3doGk5Og/YW4=}
    engines: {node: '>=4'}
    dev: false

  /to-regex-range/5.0.1:
    resolution: {integrity: sha1-FkjESq58jZiKMmAY7XL1tN0DkuQ=, tarball: to-regex-range/download/to-regex-range-5.0.1.tgz}
    engines: {node: '>=8.0'}
    dependencies:
      is-number: 7.0.0
    dev: true

  /tslib/2.3.1:
    resolution: {integrity: sha512-77EbyPPpMz+FRFRuAFlWMtmgUWGe9UOG2Z25NqCwiIjRhOf5iKGuzSe5P2w1laq+FkRy4p+PCuVkJSGkzTEKVw==}
    dev: true

  /upper-case-first/2.0.2:
    resolution: {integrity: sha512-514ppYHBaKwfJRK/pNC6c/OxfGa0obSnAl106u97Ed0I625Nin96KAjttZF6ZL3e1XLtphxnqrOi9iWgm+u+bg==}
    dependencies:
      tslib: 2.3.1
    dev: true

  /upper-case/2.0.2:
    resolution: {integrity: sha512-KgdgDGJt2TpuwBUIjgG6lzw2GWFRCW9Qkfkiv0DxqHHLYJHmtmdUIKcZd8rHgFSjopVTlw6ggzCm1b8MFQwikg==}
    dependencies:
      tslib: 2.3.1
    dev: true

  /util-deprecate/1.0.2:
    resolution: {integrity: sha1-RQ1Nyfpw3nMnYvvS1KKJgUGaDM8=, tarball: util-deprecate/download/util-deprecate-1.0.2.tgz}
    dev: true

  /utools-api-types/2.0.6:
    resolution: {integrity: sha512-XahJpUEdlraIBJ9VEt26w4JqUQqcXjk+uZvUfyn5MCZj3i2eypMTdC8aRif8obhEPTqgXK5E6ZqJhUl28l+Wfg==}
    dev: true

  /vite-plugin-element-plus/0.0.12_vite@2.5.3:
    resolution: {integrity: sha512-Y4OoM8dsFKLa2FTSKqb6L0rkLnFXXJLpXbsPmSmmwGwtQoikajjvW6hrxG1wzxJtEp+dXTVQn7InIxdcBq2ICw==}
    peerDependencies:
      vite: '>=2.0.0'
    dependencies:
      '@rollup/pluginutils': 4.1.1
      es-module-lexer: 0.6.0
      vite: registry.nlark.com/vite/2.5.3
    dev: true

  /vite-plugin-style-import/1.2.1_vite@2.5.3:
    resolution: {integrity: sha512-N3qH4K/FE9GPs40k1bREEdBqKkAhjQUeLBNDWzDVFpKJ204unjUpJkGjRv6FA0c+uaZZCHwEQRUMKULtZW3kCw==}
    peerDependencies:
      vite: '>=2.0.0'
    dependencies:
      '@rollup/pluginutils': 4.1.1
      change-case: 4.1.2
      debug: 4.3.2
      es-module-lexer: 0.7.1
      magic-string: 0.25.7
      vite: registry.nlark.com/vite/2.5.3
    transitivePeerDependencies:
      - supports-color
    dev: true

  /vue/3.2.6:
    resolution: {integrity: sha512-Zlb3LMemQS3Xxa6xPsecu45bNjr1hxO8Bh5FUmE0Dr6Ot0znZBKiM47rK6O7FTcakxOnvVN+NTXWJF6u8ajpCQ==}
    dependencies:
      '@vue/compiler-dom': 3.2.6
      '@vue/runtime-dom': 3.2.6
      '@vue/shared': 3.2.6
    dev: false

  /which/2.0.2:
    resolution: {integrity: sha512-BLI3Tl1TW3Pvl70l3yq3Y64i+awpwXqsGBYWkkqMtnbXgrMD+yj7rhW0kuEDxzJaYXGjEW5ogapKNMEKNMjibA==}
    engines: {node: '>= 8'}
    hasBin: true
    dependencies:
      isexe: 2.0.0
    dev: true

  /yallist/3.1.1:
    resolution: {integrity: sha1-27fa+b/YusmrRev2ArjLrQ1dCP0=, tarball: yallist/download/yallist-3.1.1.tgz}
    dev: true

  registry.nlark.com/@babel/helper-validator-identifier/7.14.9:
    resolution: {integrity: sha1-ZlTRcbICT22O4VG/JQlpmRkTHUg=, registry: https://registry.npm.taobao.org/, tarball: https://registry.nlark.com/@babel/helper-validator-identifier/download/@babel/helper-validator-identifier-7.14.9.tgz}
    name: '@babel/helper-validator-identifier'
    version: 7.14.9
    engines: {node: '>=6.9.0'}
    dev: true

  registry.nlark.com/@babel/parser/7.15.3:
    resolution: {integrity: sha1-NBbZvqdIBSz8tj28wnNoEFse2GI=, registry: https://registry.npm.taobao.org/, tarball: https://registry.nlark.com/@babel/parser/download/@babel/parser-7.15.3.tgz}
    name: '@babel/parser'
    version: 7.15.3
    engines: {node: '>=6.0.0'}
    hasBin: true
    dev: true

  registry.nlark.com/@babel/types/7.15.0:
    resolution: {integrity: sha1-Ya8R8ihsTpxpyo3rX0N1pzxy3L0=, registry: https://registry.npm.taobao.org/, tarball: https://registry.nlark.com/@babel/types/download/@babel/types-7.15.0.tgz}
    name: '@babel/types'
    version: 7.15.0
    engines: {node: '>=6.9.0'}
    dependencies:
      '@babel/helper-validator-identifier': registry.nlark.com/@babel/helper-validator-identifier/7.14.9
      to-fast-properties: registry.nlark.com/to-fast-properties/2.0.0
    dev: true

  registry.nlark.com/@element-plus/icons/0.0.11:
    resolution: {integrity: sha1-mxh8ACd0VIuRGFDRf6X8L5pRX1c=, registry: https://registry.npm.taobao.org/, tarball: https://registry.nlark.com/@element-plus/icons/download/@element-plus/icons-0.0.11.tgz}
    name: '@element-plus/icons'
    version: 0.0.11
    dev: false

  registry.nlark.com/@popperjs/core/2.10.1:
    resolution: {integrity: sha1-co7NlasgequKmk5CHwQi2zKSMr4=, registry: https://registry.npm.taobao.org/, tarball: https://registry.nlark.com/@popperjs/core/download/@popperjs/core-2.10.1.tgz}
    name: '@popperjs/core'
    version: 2.10.1
    dev: false

  registry.nlark.com/@types/estree/0.0.48:
    resolution: {integrity: sha1-GNyAkbKF35DbLyWqfZBs/DlLf3Q=, registry: https://registry.npm.taobao.org/, tarball: https://registry.nlark.com/@types/estree/download/@types/estree-0.0.48.tgz}
    name: '@types/estree'
    version: 0.0.48
    dev: true

  registry.nlark.com/@types/node/16.7.13:
    resolution: {integrity: sha1-hvrjVrA7WhLyUGxs9s2Sh7IFlz8=, registry: https://registry.npm.taobao.org/, tarball: https://registry.nlark.com/@types/node/download/@types/node-16.7.13.tgz}
    name: '@types/node'
    version: 16.7.13
    dev: true

  registry.nlark.com/@vitejs/plugin-vue/1.6.1_@vue+compiler-sfc@3.2.9:
    resolution: {integrity: sha1-pAoGZhr2H9wb69+4EbKPUK0537M=, registry: https://registry.npm.taobao.org/, tarball: https://registry.nlark.com/@vitejs/plugin-vue/download/@vitejs/plugin-vue-1.6.1.tgz}
    id: registry.nlark.com/@vitejs/plugin-vue/1.6.1
    name: '@vitejs/plugin-vue'
    version: 1.6.1
    engines: {node: '>=12.0.0'}
    peerDependencies:
      '@vue/compiler-sfc': ^3.2.6
    dependencies:
      '@vue/compiler-sfc': registry.nlark.com/@vue/compiler-sfc/3.2.9
    dev: true

  registry.nlark.com/@vue/compiler-core/3.2.9:
    resolution: {integrity: sha1-h00E0+TemPOmB2nbf6R+BBv8pJA=, registry: https://registry.npm.taobao.org/, tarball: https://registry.nlark.com/@vue/compiler-core/download/@vue/compiler-core-3.2.9.tgz}
    name: '@vue/compiler-core'
    version: 3.2.9
    dependencies:
      '@babel/parser': registry.nlark.com/@babel/parser/7.15.3
      '@babel/types': registry.nlark.com/@babel/types/7.15.0
      '@vue/shared': registry.nlark.com/@vue/shared/3.2.9
      estree-walker: 2.0.2
      source-map: 0.6.1
    dev: true

  registry.nlark.com/@vue/compiler-dom/3.2.9:
    resolution: {integrity: sha1-5CsrwoU2YiShc49+1mSNQmDLu+8=, registry: https://registry.npm.taobao.org/, tarball: https://registry.nlark.com/@vue/compiler-dom/download/@vue/compiler-dom-3.2.9.tgz}
    name: '@vue/compiler-dom'
    version: 3.2.9
    dependencies:
      '@vue/compiler-core': registry.nlark.com/@vue/compiler-core/3.2.9
      '@vue/shared': registry.nlark.com/@vue/shared/3.2.9
    dev: true

  registry.nlark.com/@vue/compiler-sfc/3.2.9:
    resolution: {integrity: sha1-gsDK6ZYlpOW52ZjMnvXgwm3yqOk=, registry: https://registry.npm.taobao.org/, tarball: https://registry.nlark.com/@vue/compiler-sfc/download/@vue/compiler-sfc-3.2.9.tgz}
    name: '@vue/compiler-sfc'
    version: 3.2.9
    dependencies:
      '@babel/parser': registry.nlark.com/@babel/parser/7.15.3
      '@babel/types': registry.nlark.com/@babel/types/7.15.0
      '@types/estree': registry.nlark.com/@types/estree/0.0.48
      '@vue/compiler-core': registry.nlark.com/@vue/compiler-core/3.2.9
      '@vue/compiler-dom': registry.nlark.com/@vue/compiler-dom/3.2.9
      '@vue/compiler-ssr': registry.nlark.com/@vue/compiler-ssr/3.2.9
      '@vue/ref-transform': registry.nlark.com/@vue/ref-transform/3.2.9
      '@vue/shared': registry.nlark.com/@vue/shared/3.2.9
      consolidate: 0.16.0
      estree-walker: 2.0.2
      hash-sum: 2.0.0
      lru-cache: 5.1.1
      magic-string: 0.25.7
      merge-source-map: 1.1.0
      postcss: registry.nlark.com/postcss/8.3.6
      postcss-modules: registry.nlark.com/postcss-modules/4.2.2_postcss@8.3.6
      postcss-selector-parser: registry.nlark.com/postcss-selector-parser/6.0.6
      source-map: 0.6.1
    dev: true

  registry.nlark.com/@vue/compiler-ssr/3.2.9:
    resolution: {integrity: sha1-BnqeXuOBxlYdcmY8ShzkKv4zub0=, registry: https://registry.npm.taobao.org/, tarball: https://registry.nlark.com/@vue/compiler-ssr/download/@vue/compiler-ssr-3.2.9.tgz}
    name: '@vue/compiler-ssr'
    version: 3.2.9
    dependencies:
      '@vue/compiler-dom': registry.nlark.com/@vue/compiler-dom/3.2.9
      '@vue/shared': registry.nlark.com/@vue/shared/3.2.9
    dev: true

  registry.nlark.com/@vue/ref-transform/3.2.9:
    resolution: {integrity: sha1-I6+eKVWm+u9/Rrs2dJQYGtQtGUg=, registry: https://registry.npm.taobao.org/, tarball: https://registry.nlark.com/@vue/ref-transform/download/@vue/ref-transform-3.2.9.tgz}
    name: '@vue/ref-transform'
    version: 3.2.9
    dependencies:
      '@babel/parser': registry.nlark.com/@babel/parser/7.15.3
      '@vue/compiler-core': registry.nlark.com/@vue/compiler-core/3.2.9
      '@vue/shared': registry.nlark.com/@vue/shared/3.2.9
      estree-walker: 2.0.2
      magic-string: 0.25.7
    dev: true

  registry.nlark.com/@vue/shared/3.2.9:
    resolution: {integrity: sha1-RORNvYKBmZfxkvt9vbkK9XFdv1I=, registry: https://registry.npm.taobao.org/, tarball: https://registry.nlark.com/@vue/shared/download/@vue/shared-3.2.9.tgz}
    name: '@vue/shared'
    version: 3.2.9
    dev: true

  registry.nlark.com/anymatch/3.1.2:
    resolution: {integrity: sha1-wFV8CWrzLxBhmPT04qODU343hxY=, registry: https://registry.npm.taobao.org/, tarball: https://registry.nlark.com/anymatch/download/anymatch-3.1.2.tgz?cache=0&sync_timestamp=1618847348774&other_urls=https%3A%2F%2Fregistry.nlark.com%2Fanymatch%2Fdownload%2Fanymatch-3.1.2.tgz}
    name: anymatch
    version: 3.1.2
    engines: {node: '>= 8'}
    dependencies:
      normalize-path: registry.nlark.com/normalize-path/3.0.0
      picomatch: registry.nlark.com/picomatch/2.3.0
    dev: true

  registry.nlark.com/async-validator/3.5.2:
    resolution: {integrity: sha1-aOhmqWgk6LJpT/eoMcGiXETV5QA=, registry: https://registry.npm.taobao.org/, tarball: https://registry.nlark.com/async-validator/download/async-validator-3.5.2.tgz}
    name: async-validator
    version: 3.5.2
    dev: false

  registry.nlark.com/atob/2.1.2:
    resolution: {integrity: sha1-bZUX654DDSQ2ZmZR6GvZ9vE1M8k=, registry: https://registry.npm.taobao.org/, tarball: https://registry.nlark.com/atob/download/atob-2.1.2.tgz}
    name: atob
    version: 2.1.2
    engines: {node: '>= 4.5.0'}
    hasBin: true
    dev: true

  registry.nlark.com/big.js/5.2.2:
    resolution: {integrity: sha1-ZfCvOC9Xi83HQr2cKB6cstd2gyg=, registry: https://registry.npm.taobao.org/, tarball: https://registry.nlark.com/big.js/download/big.js-5.2.2.tgz}
    name: big.js
    version: 5.2.2
    dev: true

  registry.nlark.com/bluebird/3.7.2:
    resolution: {integrity: sha1-nyKcFb4nJFT/qXOs4NvueaGww28=, registry: https://registry.npm.taobao.org/, tarball: https://registry.nlark.com/bluebird/download/bluebird-3.7.2.tgz}
    name: bluebird
    version: 3.7.2
    dev: true

  registry.nlark.com/chokidar/3.5.2:
    resolution: {integrity: sha1-26OXb8rbAW9m/TZQIdkWANAcHnU=, registry: https://registry.npm.taobao.org/, tarball: https://registry.nlark.com/chokidar/download/chokidar-3.5.2.tgz?cache=0&sync_timestamp=1623763736136&other_urls=https%3A%2F%2Fregistry.nlark.com%2Fchokidar%2Fdownload%2Fchokidar-3.5.2.tgz}
    name: chokidar
    version: 3.5.2
    engines: {node: '>= 8.10.0'}
    dependencies:
      anymatch: registry.nlark.com/anymatch/3.1.2
      braces: 3.0.2
      glob-parent: registry.nlark.com/glob-parent/5.1.2
      is-binary-path: 2.1.0
      is-glob: 4.0.1
      normalize-path: registry.nlark.com/normalize-path/3.0.0
      readdirp: 3.6.0
    optionalDependencies:
      fsevents: registry.nlark.com/fsevents/2.3.2
    dev: true

  registry.nlark.com/colorette/1.3.0:
    resolution: {integrity: sha1-/0XS8O2yRAadO3cq3rBP7TjQoK8=, registry: https://registry.npm.taobao.org/, tarball: https://registry.nlark.com/colorette/download/colorette-1.3.0.tgz}
    name: colorette
    version: 1.3.0
    dev: true

  registry.nlark.com/dayjs/1.10.6:
    resolution: {integrity: sha1-KIsqqC8thBimydTfWJjAc3rQKmM=, registry: https://registry.npm.taobao.org/, tarball: https://registry.nlark.com/dayjs/download/dayjs-1.10.6.tgz?cache=0&sync_timestamp=1625562884744&other_urls=https%3A%2F%2Fregistry.nlark.com%2Fdayjs%2Fdownload%2Fdayjs-1.10.6.tgz}
    name: dayjs
    version: 1.10.6
    dev: false

  registry.nlark.com/debug/3.1.0:
    resolution: {integrity: sha1-W7WgZyYotkFJVmuhaBnmFRjGcmE=, registry: https://registry.npm.taobao.org/, tarball: https://registry.nlark.com/debug/download/debug-3.1.0.tgz}
    name: debug
    version: 3.1.0
    dependencies:
      ms: registry.nlark.com/ms/2.0.0
    dev: true

  registry.nlark.com/element-plus/1.1.0-beta.9_vue@3.2.6:
    resolution: {integrity: sha1-4ZPMlW38m3Me1csy4t8O3a/ZXc0=, registry: https://registry.npm.taobao.org/, tarball: https://registry.nlark.com/element-plus/download/element-plus-1.1.0-beta.9.tgz}
    id: registry.nlark.com/element-plus/1.1.0-beta.9
    name: element-plus
    version: 1.1.0-beta.9
    peerDependencies:
      vue: ^3.2.0
    dependencies:
      '@element-plus/icons': registry.nlark.com/@element-plus/icons/0.0.11
      '@popperjs/core': registry.nlark.com/@popperjs/core/2.10.1
      async-validator: registry.nlark.com/async-validator/3.5.2
      dayjs: registry.nlark.com/dayjs/1.10.6
      lodash: 4.17.21
      mitt: registry.nlark.com/mitt/2.1.0
      normalize-wheel: 1.0.1
      resize-observer-polyfill: registry.nlark.com/resize-observer-polyfill/1.5.1
      vue: 3.2.6
    dev: false

  registry.nlark.com/esbuild/0.12.24:
    resolution: {integrity: sha1-IZZvrSWoDzaO0wgQHogQK84Nxo8=, registry: https://registry.npm.taobao.org/, tarball: https://registry.nlark.com/esbuild/download/esbuild-0.12.24.tgz}
    name: esbuild
    version: 0.12.24
    hasBin: true
    requiresBuild: true
    dev: true

  registry.nlark.com/fsevents/2.3.2:
    resolution: {integrity: sha1-ilJveLj99GI7cJ4Ll1xSwkwC/Ro=, registry: https://registry.npm.taobao.org/, tarball: https://registry.nlark.com/fsevents/download/fsevents-2.3.2.tgz?cache=0&sync_timestamp=1618847355655&other_urls=https%3A%2F%2Fregistry.nlark.com%2Ffsevents%2Fdownload%2Ffsevents-2.3.2.tgz}
    name: fsevents
    version: 2.3.2
    engines: {node: ^8.16.0 || ^10.6.0 || >=11.0.0}
    requiresBuild: true
    dev: true
    optional: true

  registry.nlark.com/glob-parent/5.1.2:
    resolution: {integrity: sha1-hpgyxYA0/mikCTwX3BXoNA2EAcQ=, registry: https://registry.npm.taobao.org/, tarball: https://registry.nlark.com/glob-parent/download/glob-parent-5.1.2.tgz?cache=0&sync_timestamp=1626761045315&other_urls=https%3A%2F%2Fregistry.nlark.com%2Fglob-parent%2Fdownload%2Fglob-parent-5.1.2.tgz}
    name: glob-parent
    version: 5.1.2
    engines: {node: '>= 6'}
    dependencies:
      is-glob: 4.0.1
    dev: true

  registry.nlark.com/glob/7.1.7:
    resolution: {integrity: sha1-Oxk+kjPwHULQs/eClLvutBj5SpA=, registry: https://registry.npm.taobao.org/, tarball: https://registry.nlark.com/glob/download/glob-7.1.7.tgz}
    name: glob
    version: 7.1.7
    dependencies:
      fs.realpath: 1.0.0
      inflight: 1.0.6
      inherits: 2.0.4
      minimatch: 3.0.4
      once: 1.4.0
      path-is-absolute: 1.0.1
    dev: true

  registry.nlark.com/has/1.0.3:
    resolution: {integrity: sha1-ci18v8H2qoJB8W3YFOAR4fQeh5Y=, registry: https://registry.npm.taobao.org/, tarball: https://registry.nlark.com/has/download/has-1.0.3.tgz}
    name: has
    version: 1.0.3
    engines: {node: '>= 0.4.0'}
    dependencies:
      function-bind: 1.1.1
    dev: true

  registry.nlark.com/is-core-module/2.6.0:
    resolution: {integrity: sha1-11U7JSb+Wbkro+QMjfdX7Ipwnhk=, registry: https://registry.npm.taobao.org/, tarball: https://registry.nlark.com/is-core-module/download/is-core-module-2.6.0.tgz}
    name: is-core-module
    version: 2.6.0
    dependencies:
      has: registry.nlark.com/has/1.0.3
    dev: true

  registry.nlark.com/loader-utils/1.4.0:
    resolution: {integrity: sha1-xXm140yzSxp07cbB+za/o3HVphM=, registry: https://registry.npm.taobao.org/, tarball: https://registry.nlark.com/loader-utils/download/loader-utils-1.4.0.tgz}
    name: loader-utils
    version: 1.4.0
    engines: {node: '>=4.0.0'}
    dependencies:
      big.js: registry.nlark.com/big.js/5.2.2
      emojis-list: 3.0.0
      json5: 1.0.1
    dev: true

  registry.nlark.com/mitt/2.1.0:
    resolution: {integrity: sha1-90BXfCMXbGIFsSGylzUU6t4bIjA=, registry: https://registry.npm.taobao.org/, tarball: https://registry.nlark.com/mitt/download/mitt-2.1.0.tgz}
    name: mitt
    version: 2.1.0
    dev: false

  registry.nlark.com/ms/2.0.0:
    resolution: {integrity: sha1-VgiurfwAvmwpAd9fmGF4jeDVl8g=, registry: https://registry.npm.taobao.org/, tarball: https://registry.nlark.com/ms/download/ms-2.0.0.tgz}
    name: ms
    version: 2.0.0
    dev: true

  registry.nlark.com/nanoid/3.1.25:
    resolution: {integrity: sha1-CcoydHwOVD8OGBS303k0d/nI4VI=, registry: https://registry.npm.taobao.org/, tarball: https://registry.nlark.com/nanoid/download/nanoid-3.1.25.tgz}
    name: nanoid
    version: 3.1.25
    engines: {node: ^10 || ^12 || ^13.7 || ^14 || >=15.0.1}
    hasBin: true
    dev: true

  registry.nlark.com/normalize-path/3.0.0:
    resolution: {integrity: sha1-Dc1p/yOhybEf0JeDFmRKA4ghamU=, registry: https://registry.npm.taobao.org/, tarball: https://registry.nlark.com/normalize-path/download/normalize-path-3.0.0.tgz}
    name: normalize-path
    version: 3.0.0
    engines: {node: '>=0.10.0'}
    dev: true

  registry.nlark.com/path-parse/1.0.7:
    resolution: {integrity: sha1-+8EUtgykKzDZ2vWFjkvWi77bZzU=, registry: https://registry.npm.taobao.org/, tarball: https://registry.nlark.com/path-parse/download/path-parse-1.0.7.tgz?cache=0&sync_timestamp=1621947899252&other_urls=https%3A%2F%2Fregistry.nlark.com%2Fpath-parse%2Fdownload%2Fpath-parse-1.0.7.tgz}
    name: path-parse
    version: 1.0.7
    dev: true

  registry.nlark.com/picomatch/2.3.0:
    resolution: {integrity: sha1-8fBh3o9qS/AiiS4tEoI0+5gwKXI=, registry: https://registry.npm.taobao.org/, tarball: https://registry.nlark.com/picomatch/download/picomatch-2.3.0.tgz}
    name: picomatch
    version: 2.3.0
    engines: {node: '>=8.6'}
    dev: true

  registry.nlark.com/postcss-modules/4.2.2_postcss@8.3.6:
    resolution: {integrity: sha1-Xnd3xaiWTqF2kZ2QsuVO+JEyHOU=, registry: https://registry.npm.taobao.org/, tarball: https://registry.nlark.com/postcss-modules/download/postcss-modules-4.2.2.tgz}
    id: registry.nlark.com/postcss-modules/4.2.2
    name: postcss-modules
    version: 4.2.2
    peerDependencies:
      postcss: ^8.0.0
    dependencies:
      generic-names: 2.0.1
      icss-replace-symbols: 1.1.0
      lodash.camelcase: 4.3.0
      postcss: registry.nlark.com/postcss/8.3.6
      postcss-modules-extract-imports: 3.0.0_postcss@8.3.6
      postcss-modules-local-by-default: 4.0.0_postcss@8.3.6
      postcss-modules-scope: 3.0.0_postcss@8.3.6
      postcss-modules-values: 4.0.0_postcss@8.3.6
      string-hash: 1.1.3
    dev: true

  registry.nlark.com/postcss-selector-parser/6.0.6:
    resolution: {integrity: sha1-LFu6gXSsL2mBq2MaQqsO5UrzMuo=, registry: https://registry.npm.taobao.org/, tarball: https://registry.nlark.com/postcss-selector-parser/download/postcss-selector-parser-6.0.6.tgz}
    name: postcss-selector-parser
    version: 6.0.6
    engines: {node: '>=4'}
    dependencies:
      cssesc: 3.0.0
      util-deprecate: 1.0.2
    dev: true

  registry.nlark.com/postcss/8.3.6:
    resolution: {integrity: sha1-JzDddql5afN/U7mmCWGXvjEcxOo=, registry: https://registry.npm.taobao.org/, tarball: https://registry.nlark.com/postcss/download/postcss-8.3.6.tgz}
    name: postcss
    version: 8.3.6
    engines: {node: ^10 || ^12 || >=14}
    dependencies:
      colorette: registry.nlark.com/colorette/1.3.0
      nanoid: registry.nlark.com/nanoid/3.1.25
      source-map-js: registry.nlark.com/source-map-js/0.6.2
    dev: true

  registry.nlark.com/resize-observer-polyfill/1.5.1:
    resolution: {integrity: sha1-DpAg3T0hAkRY1OvSfiPkAmmBBGQ=, registry: https://registry.npm.taobao.org/, tarball: https://registry.nlark.com/resize-observer-polyfill/download/resize-observer-polyfill-1.5.1.tgz}
    name: resize-observer-polyfill
    version: 1.5.1
    dev: false

  registry.nlark.com/rollup/2.56.3:
    resolution: {integrity: sha1-tj7a3ZhRsNYYptDmr4IBlVp3rv8=, registry: https://registry.npm.taobao.org/, tarball: https://registry.nlark.com/rollup/download/rollup-2.56.3.tgz}
    name: rollup
    version: 2.56.3
    engines: {node: '>=10.0.0'}
    hasBin: true
    optionalDependencies:
      fsevents: registry.nlark.com/fsevents/2.3.2
    dev: true

  registry.nlark.com/safer-buffer/2.1.2:
    resolution: {integrity: sha1-RPoWGwGHuVSd2Eu5GAL5vYOFzWo=, registry: https://registry.npm.taobao.org/, tarball: https://registry.nlark.com/safer-buffer/download/safer-buffer-2.1.2.tgz}
    name: safer-buffer
    version: 2.1.2
    dev: true

  registry.nlark.com/sass/1.39.0:
    resolution: {integrity: sha1-bGRpXRxDd2fI8aTkcSiOgx+B0DU=, registry: https://registry.npm.taobao.org/, tarball: https://registry.nlark.com/sass/download/sass-1.39.0.tgz}
    name: sass
    version: 1.39.0
    engines: {node: '>=8.9.0'}
    hasBin: true
    dependencies:
      chokidar: registry.nlark.com/chokidar/3.5.2
    dev: true

  registry.nlark.com/source-map-js/0.6.2:
    resolution: {integrity: sha1-C7XeYxtBz72mz7qL0FqA79/SOF4=, registry: https://registry.npm.taobao.org/, tarball: https://registry.nlark.com/source-map-js/download/source-map-js-0.6.2.tgz}
    name: source-map-js
    version: 0.6.2
    engines: {node: '>=0.10.0'}
    dev: true

  registry.nlark.com/source-map-resolve/0.6.0:
    resolution: {integrity: sha1-PZ34fiNrU/FtAeWBUPx3EROOXtI=, registry: https://registry.npm.taobao.org/, tarball: https://registry.nlark.com/source-map-resolve/download/source-map-resolve-0.6.0.tgz}
    name: source-map-resolve
    version: 0.6.0
    dependencies:
      atob: registry.nlark.com/atob/2.1.2
      decode-uri-component: 0.2.0
    dev: true

  registry.nlark.com/stylus/0.55.0:
    resolution: {integrity: sha1-vUBKNt2T+od0Sp3S0rG4RQNF5fw=, registry: https://registry.npm.taobao.org/, tarball: https://registry.nlark.com/stylus/download/stylus-0.55.0.tgz}
    name: stylus
    version: 0.55.0
    hasBin: true
    dependencies:
      css: 3.0.0
      debug: registry.nlark.com/debug/3.1.0
      glob: registry.nlark.com/glob/7.1.7
      mkdirp: 1.0.4
      safer-buffer: registry.nlark.com/safer-buffer/2.1.2
      sax: 1.2.4
      semver: 6.3.0
      source-map: 0.7.3
    dev: true

  registry.nlark.com/to-fast-properties/2.0.0:
    resolution: {integrity: sha1-3F5pjL0HkmW8c+A3doGk5Og/YW4=, registry: https://registry.npm.taobao.org/, tarball: https://registry.nlark.com/to-fast-properties/download/to-fast-properties-2.0.0.tgz}
    name: to-fast-properties
    version: 2.0.0
    engines: {node: '>=4'}
    dev: true

  registry.nlark.com/vite/2.5.3:
    resolution: {integrity: sha1-iNQKnvub7Ga9h6dnbFaJ81/2N0I=, registry: https://registry.npm.taobao.org/, tarball: https://registry.nlark.com/vite/download/vite-2.5.3.tgz}
    name: vite
    version: 2.5.3
    engines: {node: '>=12.2.0'}
    hasBin: true
    dependencies:
      esbuild: registry.nlark.com/esbuild/0.12.24
      postcss: registry.nlark.com/postcss/8.3.6
      resolve: 1.20.0
      rollup: registry.nlark.com/rollup/2.56.3
    optionalDependencies:
      fsevents: registry.nlark.com/fsevents/2.3.2
    dev: true

  registry.nlark.com/wrappy/1.0.2:
    resolution: {integrity: sha1-tSQ9jz7BqjXxNkYFvA0QNuMKtp8=, registry: https://registry.npm.taobao.org/, tarball: https://registry.nlark.com/wrappy/download/wrappy-1.0.2.tgz}
    name: wrappy
    version: 1.0.2
    dev: true
